# @generated - this file is auto-generated by `mise lock` https://mise.en.dev/dev-tools/mise-lock.html

[[tools.aube]]
version = "1.9.1"
backend = "github:endevco/aube"

[tools.aube."platforms.linux-arm64"]
checksum = "sha256:5b8c6c73a6f3e84d1b978f62d4d2465e080a7e0e38465d7ce7fa038d4e773178"
url = "https://github.com/endevco/aube/releases/download/v1.9.1/aube-v1.9.1-aarch64-unknown-linux-gnu.tar.gz"
url_api = "https://api.github.com/repos/endevco/aube/releases/assets/413927279"
provenance = "github-attestations"

[tools.aube."platforms.linux-arm64-musl"]
checksum = "sha256:dc41bbde80afff2fb03237f5cabc3111d2d9c10b6d2909f41450d2511575a677"
url = "https://github.com/endevco/aube/releases/download/v1.9.1/aube-v1.9.1-aarch64-unknown-linux-musl.tar.gz"
url_api = "https://api.github.com/repos/endevco/aube/releases/assets/413927033"
provenance = "github-attestations"

[tools.aube."platforms.linux-x64"]
checksum = "sha256:f921773be555e382ba4ed16ce5e38dbdb0dbb70861476b4235c2c4b3432d7f01"
url = "https://github.com/endevco/aube/releases/download/v1.9.1/aube-v1.9.1-x86_64-unknown-linux-gnu.tar.gz"
url_api = "https://api.github.com/repos/endevco/aube/releases/assets/413927617"
provenance = "github-attestations"

[tools.aube."platforms.linux-x64-musl"]
checksum = "sha256:354d60237715fb90ae9010759cc0942c0fdf6a2895b3b8d11133ebab6e6611c2"
url = "https://github.com/endevco/aube/releases/download/v1.9.1/aube-v1.9.1-x86_64-unknown-linux-musl.tar.gz"
url_api = "https://api.github.com/repos/endevco/aube/releases/assets/413927618"
provenance = "github-attestations"

[tools.aube."platforms.macos-arm64"]
checksum = "sha256:080059d65daf5273cf3cc211c1820b822a17972446466afdd5de3980b39cb7cf"
url = "https://github.com/endevco/aube/releases/download/v1.9.1/aube-v1.9.1-aarch64-apple-darwin.tar.gz"
url_api = "https://api.github.com/repos/endevco/aube/releases/assets/413929094"
provenance = "github-attestations"

[tools.aube."platforms.windows-x64"]
checksum = "sha256:1383611a0680b34b0f26db9adc1bd716d2b2b257b9d3e0506449f01c83df580a"
url = "https://github.com/endevco/aube/releases/download/v1.9.1/aube-v1.9.1-x86_64-pc-windows-msvc.zip"
url_api = "https://api.github.com/repos/endevco/aube/releases/assets/413940844"
provenance = "github-attestations"

[[tools.go]]
version = "1.26.3"
backend = "core:go"

[tools.go."platforms.linux-arm64"]
checksum = "sha256:9d89a3ea57d141c2b22d70083f2c8459ba3890f2d9e818e7e933b75614936565"
url = "https://dl.google.com/go/go1.26.3.linux-arm64.tar.gz"

[tools.go."platforms.linux-arm64-musl"]
checksum = "sha256:9d89a3ea57d141c2b22d70083f2c8459ba3890f2d9e818e7e933b75614936565"
url = "https://dl.google.com/go/go1.26.3.linux-arm64.tar.gz"

[tools.go."platforms.linux-x64"]
checksum = "sha256:2b2cfc7148493da5e73981bffbf3353af381d5f93e789c82c79aff64962eb556"
url = "https://dl.google.com/go/go1.26.3.linux-amd64.tar.gz"

[tools.go."platforms.linux-x64-musl"]
checksum = "sha256:2b2cfc7148493da5e73981bffbf3353af381d5f93e789c82c79aff64962eb556"
url = "https://dl.google.com/go/go1.26.3.linux-amd64.tar.gz"

[tools.go."platforms.macos-arm64"]
checksum = "sha256:875cf54a15311eee2c99b9dd67c68c4a49351d489ab622bf2cfd28c8f2078d3c"
url = "https://dl.google.com/go/go1.26.3.darwin-arm64.tar.gz"

[tools.go."platforms.macos-x64"]
checksum = "sha256:278d580b32e299fe4a9c990fcf2d02acfe538c7e551a6ee18f9c7164573d2c63"
url = "https://dl.google.com/go/go1.26.3.darwin-amd64.tar.gz"

[tools.go."platforms.windows-x64"]
checksum = "sha256:20d2ceafb4ed41b96b879010927b28bc92a5be57a7c1801ce365a9ca51d3224a"
url = "https://dl.google.com/go/go1.26.3.windows-amd64.zip"

[[tools.lazydocker]]
version = "0.25.2"
backend = "aqua:jesseduffield/lazydocker"

[tools.lazydocker."platforms.linux-arm64"]
checksum = "sha256:005c38b685aaa557e7d646d83a3dadb5024340eeed8c6a2e1949eee6f530de23"
url = "https://github.com/jesseduffield/lazydocker/releases/download/v0.25.2/lazydocker_0.25.2_Linux_arm64.tar.gz"

[tools.lazydocker."platforms.linux-arm64-musl"]
checksum = "sha256:005c38b685aaa557e7d646d83a3dadb5024340eeed8c6a2e1949eee6f530de23"
url = "https://github.com/jesseduffield/lazydocker/releases/download/v0.25.2/lazydocker_0.25.2_Linux_arm64.tar.gz"

[tools.lazydocker."platforms.linux-x64"]
checksum = "sha256:0d9dbfc26068b218e7ed84b104748cadc6e3cf733c0afd35465306fb39b9523c"
url = "https://github.com/jesseduffield/lazydocker/releases/download/v0.25.2/lazydocker_0.25.2_Linux_x86_64.tar.gz"

[tools.lazydocker."platforms.linux-x64-musl"]
checksum = "sha256:0d9dbfc26068b218e7ed84b104748cadc6e3cf733c0afd35465306fb39b9523c"
url = "https://github.com/jesseduffield/lazydocker/releases/download/v0.25.2/lazydocker_0.25.2_Linux_x86_64.tar.gz"

[tools.lazydocker."platforms.macos-arm64"]
checksum = "sha256:4a54d7b4abdf255b2bce9806641eac5568d5b7fbc820c1b5d3f9e34ea1367d60"
url = "https://github.com/jesseduffield/lazydocker/releases/download/v0.25.2/lazydocker_0.25.2_Darwin_arm64.tar.gz"

[tools.lazydocker."platforms.macos-x64"]
checksum = "sha256:af70b6e234089aa24924db25fc201d17f224e76d334e743e4595d30cf83a013b"
url = "https://github.com/jesseduffield/lazydocker/releases/download/v0.25.2/lazydocker_0.25.2_Darwin_x86_64.tar.gz"

[tools.lazydocker."platforms.windows-x64"]
checksum = "sha256:facae8869c1bf144468191c563002162273a2c2761f052659170530cae3fa8a9"
url = "https://github.com/jesseduffield/lazydocker/releases/download/v0.25.2/lazydocker_0.25.2_Windows_x86_64.zip"

[[tools.pitchfork]]
version = "2.10.0"
backend = "aqua:jdx/pitchfork"

[tools.pitchfork."platforms.linux-arm64"]
checksum = "sha256:77525ad496020671d8e2fc2f5e1c1b03a518bfb9f943c4375ca3f07882d58a7c"
url = "https://github.com/endevco/pitchfork/releases/download/v2.10.0/pitchfork-aarch64-unknown-linux-gnu.tar.gz"

[tools.pitchfork."platforms.linux-x64"]
checksum = "sha256:a6a09cce0b08135cdb884b6c70c7413bd3991f03c084bdc11bf778bb274116c4"
url = "https://github.com/endevco/pitchfork/releases/download/v2.10.0/pitchfork-x86_64-unknown-linux-gnu.tar.gz"

[tools.pitchfork."platforms.macos-arm64"]
checksum = "sha256:94427b1ce42709003f9db48d14b073bde807f41bfa034b54ccca7067b5234a4f"
url = "https://github.com/endevco/pitchfork/releases/download/v2.10.0/pitchfork-aarch64-apple-darwin.tar.gz"

[tools.pitchfork."platforms.windows-x64"]
checksum = "sha256:659b3c483ee0518de1f54bfb735aebbc696ff96a1c60549131cf49fb0521ba80"
url = "https://github.com/endevco/pitchfork/releases/download/v2.10.0/pitchfork-x86_64-pc-windows-msvc.zip"

[[tools.pnpm]]
version = "11.0.8"
backend = "aqua:pnpm/pnpm"

[tools.pnpm."platforms.linux-arm64"]
checksum = "sha256:4393edba64b8c874123b8fca85fa940cc5224a392650993e5e84909dfaf80f9f"
url = "https://github.com/pnpm/pnpm/releases/download/v11.0.8/pnpm-linux-arm64.tar.gz"
provenance = "github-attestations"

[tools.pnpm."platforms.linux-arm64-musl"]
checksum = "sha256:3e2af32322c039b55c8eecae911fcd29febf2a4cbf50cfd4860770001131b232"
url = "https://github.com/pnpm/pnpm/releases/download/v11.0.8/pnpm-linux-arm64-musl.tar.gz"
provenance = "github-attestations"

[tools.pnpm."platforms.linux-x64"]
checksum = "sha256:ac9fed9acf78cb9eacf3b6e7964e34dc196e93c2aad2ed3540fe5ef5c2effaeb"
url = "https://github.com/pnpm/pnpm/releases/download/v11.0.8/pnpm-linux-x64.tar.gz"
provenance = "github-attestations"

[tools.pnpm."platforms.linux-x64-musl"]
checksum = "sha256:a5070cfda413b6fcda3a501fc6b0b1c57309ee590eadc8ba51f05e3a2b24195f"
url = "https://github.com/pnpm/pnpm/releases/download/v11.0.8/pnpm-linux-x64-musl.tar.gz"
provenance = "github-attestations"

[tools.pnpm."platforms.macos-arm64"]
checksum = "sha256:d988a3824d9ffd6f74eb9d9d703d24b7a42630dacfa7de375b8becef0706295c"
url = "https://github.com/pnpm/pnpm/releases/download/v11.0.8/pnpm-darwin-arm64.tar.gz"
provenance = "github-attestations"

[tools.pnpm."platforms.windows-x64"]
checksum = "sha256:19c4a2d675920adf02a6614c2055a44393a221c5ba914708489be396e1763bd1"
url = "https://github.com/pnpm/pnpm/releases/download/v11.0.8/pnpm-win32-x64.zip"
provenance = "github-attestations"
